// !$*UTF8*$!
{
	archiveVersion = 1;
	classes = {
	};
	objectVersion = 46;
	objects = {

/* Begin PBXBuildFile section */
		E28208961D8AFBA200CD20DC /* AppDelegate.swift in Sources */ = {isa = PBXBuildFile; fileRef = E28208951D8AFBA200CD20DC /* AppDelegate.swift */; };
		E28208981D8AFBA200CD20DC /* FirstViewController.swift in Sources */ = {isa = PBXBuildFile; fileRef = E28208971D8AFBA200CD20DC /* FirstViewController.swift */; };
		E282089A1D8AFBA200CD20DC /* SecondViewController.swift in Sources */ = {isa = PBXBuildFile; fileRef = E28208991D8AFBA200CD20DC /* SecondViewController.swift */; };
		E282089D1D8AFBA200CD20DC /* Main.storyboard in Resources */ = {isa = PBXBuildFile; fileRef = E282089B1D8AFBA200CD20DC /* Main.storyboard */; };
		E282089F1D8AFBA200CD20DC /* Assets.xcassets in Resources */ = {isa = PBXBuildFile; fileRef = E282089E1D8AFBA200CD20DC /* Assets.xcassets */; };
		E28208A21D8AFBA200CD20DC /* LaunchScreen.storyboard in Resources */ = {isa = PBXBuildFile; fileRef = E28208A01D8AFBA200CD20DC /* LaunchScreen.storyboard */; };
		E28208AD1D8AFBA200CD20DC /* RC_RemoteTests.swift in Sources */ = {isa = PBXBuildFile; fileRef = E28208AC1D8AFBA200CD20DC /* RC_RemoteTests.swift */; };
		E28208B81D8AFBA200CD20DC /* RC_RemoteUITests.swift in Sources */ = {isa = PBXBuildFile; fileRef = E28208B71D8AFBA200CD20DC /* RC_RemoteUITests.swift */; };
/* End PBXBuildFile section */

/* Begin PBXContainerItemProxy section */
		E28208A91D8AFBA200CD20DC /* PBXContainerItemProxy */ = {
			isa = PBXContainerItemProxy;
			containerPortal = E282088A1D8AFBA200CD20DC /* Project object */;
			proxyType = 1;
			remoteGlobalIDString = E28208911D8AFBA200CD20DC;
			remoteInfo = "RC Remote";
		};
		E28208B41D8AFBA200CD20DC /* PBXContainerItemProxy */ = {
			isa = PBXContainerItemProxy;
			containerPortal = E282088A1D8AFBA200CD20DC /* Project object */;
			proxyType = 1;
			remoteGlobalIDString = E28208911D8AFBA200CD20DC;
			remoteInfo = "RC Remote";
		};
/* End PBXContainerItemProxy section */

/* Begin PBXFileReference section */
		E28208921D8AFBA200CD20DC /* RC Remote.app */ = {isa = PBXFileReference; explicitFileType = wrapper.application; includeInIndex = 0; path = "RC Remote.app"; sourceTree = BUILT_PRODUCTS_DIR; };
		E28208951D8AFBA200CD20DC /* AppDelegate.swift */ = {isa = PBXFileReference; lastKnownFileType = sourcecode.swift; path = AppDelegate.swift; sourceTree = "<group>"; };
		E28208971D8AFBA200CD20DC /* FirstViewController.swift */ = {isa = PBXFileReference; lastKnownFileType = sourcecode.swift; path = FirstViewController.swift; sourceTree = "<group>"; };
		E28208991D8AFBA200CD20DC /* SecondViewController.swift */ = {isa = PBXFileReference; lastKnownFileType = sourcecode.swift; path = SecondViewController.swift; sourceTree = "<group>"; };
		E282089C1D8AFBA200CD20DC /* Base */ = {isa = PBXFileReference; lastKnownFileType = file.storyboard; name = Base; path = Base.lproj/Main.storyboard; sourceTree = "<group>"; };
		E282089E1D8AFBA200CD20DC /* Assets.xcassets */ = {isa = PBXFileReference; lastKnownFileType = folder.assetcatalog; path = Assets.xcassets; sourceTree = "<group>"; };
		E28208A11D8AFBA200CD20DC /* Base */ = {isa = PBXFileReference; lastKnownFileType = file.storyboard; name = Base; path = Base.lproj/LaunchScreen.storyboard; sourceTree = "<group>"; };
		E28208A31D8AFBA200CD20DC /* Info.plist */ = {isa = PBXFileReference; lastKnownFileType = text.plist.xml; path = Info.plist; sourceTree = "<group>"; };
		E28208A81D8AFBA200CD20DC /* RC RemoteTests.xctest */ = {isa = PBXFileReference; explicitFileType = wrapper.cfbundle; includeInIndex = 0; path = "RC RemoteTests.xctest"; sourceTree = BUILT_PRODUCTS_DIR; };
		E28208AC1D8AFBA200CD20DC /* RC_RemoteTests.swift */ = {isa = PBXFileReference; lastKnownFileType = sourcecode.swift; path = RC_RemoteTests.swift; sourceTree = "<group>"; };
		E28208AE1D8AFBA200CD20DC /* Info.plist */ = {isa = PBXFileReference; lastKnownFileType = text.plist.xml; path = Info.plist; sourceTree = "<group>"; };
		E28208B31D8AFBA200CD20DC /* RC RemoteUITests.xctest */ = {isa = PBXFileReference; explicitFileType = wrapper.cfbundle; includeInIndex = 0; path = "RC RemoteUITests.xctest"; sourceTree = BUILT_PRODUCTS_DIR; };
		E28208B71D8AFBA200CD20DC /* RC_RemoteUITests.swift */ = {isa = PBXFileReference; lastKnownFileType = sourcecode.swift; path = RC_RemoteUITests.swift; sourceTree = "<group>"; };
		E28208B91D8AFBA200CD20DC /* Info.plist */ = {isa = PBXFileReference; lastKnownFileType = text.plist.xml; path = Info.plist; sourceTree = "<group>"; };
/* End PBXFileReference section */

/* Begin PBXFrameworksBuildPhase section */
		E282088F1D8AFBA200CD20DC /* Frameworks */ = {
			isa = PBXFrameworksBuildPhase;
			buildActionMask = 2147483647;
			files = (
			);
			runOnlyForDeploymentPostprocessing = 0;
		};
		E28208A51D8AFBA200CD20DC /* Frameworks */ = {
			isa = PBXFrameworksBuildPhase;
			buildActionMask = 2147483647;
			files = (
			);
			runOnlyForDeploymentPostprocessing = 0;
		};
		E28208B01D8AFBA200CD20DC /* Frameworks */ = {
			isa = PBXFrameworksBuildPhase;
			buildActionMask = 2147483647;
			files = (
			);
			runOnlyForDeploymentPostprocessing = 0;
		};
/* End PBXFrameworksBuildPhase section */

/* Begin PBXGroup section */
		E28208891D8AFBA200CD20DC = {
			isa = PBXGroup;
			children = (
				E28208941D8AFBA200CD20DC /* RC Remote */,
				E28208AB1D8AFBA200CD20DC /* RC RemoteTests */,
				E28208B61D8AFBA200CD20DC /* RC RemoteUITests */,
				E28208931D8AFBA200CD20DC /* Products */,
			);
			sourceTree = "<group>";
		};
		E28208931D8AFBA200CD20DC /* Products */ = {
			isa = PBXGroup;
			children = (
				E28208921D8AFBA200CD20DC /* RC Remote.app */,
				E28208A81D8AFBA200CD20DC /* RC RemoteTests.xctest */,
				E28208B31D8AFBA200CD20DC /* RC RemoteUITests.xctest */,
			);
			name = Products;
			sourceTree = "<group>";
		};
		E28208941D8AFBA200CD20DC /* RC Remote */ = {
			isa = PBXGroup;
			children = (
				E28208951D8AFBA200CD20DC /* AppDelegate.swift */,
				E28208971D8AFBA200CD20DC /* FirstViewController.swift */,
				E28208991D8AFBA200CD20DC /* SecondViewController.swift */,
				E282089B1D8AFBA200CD20DC /* Main.storyboard */,
				E282089E1D8AFBA200CD20DC /* Assets.xcassets */,
				E28208A01D8AFBA200CD20DC /* LaunchScreen.storyboard */,
				E28208A31D8AFBA200CD20DC /* Info.plist */,
			);
			path = "RC Remote";
			sourceTree = "<group>";
		};
		E28208AB1D8AFBA200CD20DC /* RC RemoteTests */ = {
			isa = PBXGroup;
			children = (
				E28208AC1D8AFBA200CD20DC /* RC_RemoteTests.swift */,
				E28208AE1D8AFBA200CD20DC /* Info.plist */,
			);
			path = "RC RemoteTests";
			sourceTree = "<group>";
		};
		E28208B61D8AFBA200CD20DC /* RC RemoteUITests */ = {
			isa = PBXGroup;
			children = (
				E28208B71D8AFBA200CD20DC /* RC_RemoteUITests.swift */,
				E28208B91D8AFBA200CD20DC /* Info.plist */,
			);
			path = "RC RemoteUITests";
			sourceTree = "<group>";
		};
/* End PBXGroup section */

/* Begin PBXNativeTarget section */
		E28208911D8AFBA200CD20DC /* RC Remote */ = {
			isa = PBXNativeTarget;
			buildConfigurationList = E28208BC1D8AFBA200CD20DC /* Build configuration list for PBXNativeTarget "RC Remote" */;
			buildPhases = (
				E282088E1D8AFBA200CD20DC /* Sources */,
				E282088F1D8AFBA200CD20DC /* Frameworks */,
				E28208901D8AFBA200CD20DC /* Resources */,
			);
			buildRules = (
			);
			dependencies = (
			);
			name = "RC Remote";
			productName = "RC Remote";
			productReference = E28208921D8AFBA200CD20DC /* RC Remote.app */;
			productType = "com.apple.product-type.application";
		};
		E28208A71D8AFBA200CD20DC /* RC RemoteTests */ = {
			isa = PBXNativeTarget;
			buildConfigurationList = E28208BF1D8AFBA200CD20DC /* Build configuration list for PBXNativeTarget "RC RemoteTests" */;
			buildPhases = (
				E28208A41D8AFBA200CD20DC /* Sources */,
				E28208A51D8AFBA200CD20DC /* Frameworks */,
				E28208A61D8AFBA200CD20DC /* Resources */,
			);
			buildRules = (
			);
			dependencies = (
				E28208AA1D8AFBA200CD20DC /* PBXTargetDependency */,
			);
			name = "RC RemoteTests";
			productName = "RC RemoteTests";
			productReference = E28208A81D8AFBA200CD20DC /* RC RemoteTests.xctest */;
			productType = "com.apple.product-type.bundle.unit-test";
		};
		E28208B21D8AFBA200CD20DC /* RC RemoteUITests */ = {
			isa = PBXNativeTarget;
			buildConfigurationList = E28208C21D8AFBA200CD20DC /* Build configuration list for PBXNativeTarget "RC RemoteUITests" */;
			buildPhases = (
				E28208AF1D8AFBA200CD20DC /* Sources */,
				E28208B01D8AFBA200CD20DC /* Frameworks */,
				E28208B11D8AFBA200CD20DC /* Resources */,
			);
			buildRules = (
			);
			dependencies = (
				E28208B51D8AFBA200CD20DC /* PBXTargetDependency */,
			);
			name = "RC RemoteUITests";
			productName = "RC RemoteUITests";
			productReference = E28208B31D8AFBA200CD20DC /* RC RemoteUITests.xctest */;
			productType = "com.apple.product-type.bundle.ui-testing";
		};
/* End PBXNativeTarget section */

/* Begin PBXProject section */
		E282088A1D8AFBA200CD20DC /* Project object */ = {
			isa = PBXProject;
			attributes = {
				LastSwiftUpdateCheck = 0730;
				LastUpgradeCheck = 0730;
				ORGANIZATIONNAME = "Ahmed Ahmadu";
				TargetAttributes = {
					E28208911D8AFBA200CD20DC = {
						CreatedOnToolsVersion = 7.3.1;
						DevelopmentTeam = M84C5X234B;
					};
					E28208A71D8AFBA200CD20DC = {
						CreatedOnToolsVersion = 7.3.1;
						DevelopmentTeam = M84C5X234B;
						TestTargetID = E28208911D8AFBA200CD20DC;
					};
					E28208B21D8AFBA200CD20DC = {
						CreatedOnToolsVersion = 7.3.1;
						DevelopmentTeam = M84C5X234B;
						TestTargetID = E28208911D8AFBA200CD20DC;
					};
				};
			};
			buildConfigurationList = E282088D1D8AFBA200CD20DC /* Build configuration list for PBXProject "RC Remote" */;
			compatibilityVersion = "Xcode 3.2";
			developmentRegion = English;
			hasScannedForEncodings = 0;
			knownRegions = (
				en,
				Base,
			);
			mainGroup = E28208891D8AFBA200CD20DC;
			productRefGroup = E28208931D8AFBA200CD20DC /* Products */;
			projectDirPath = "";
			projectRoot = "";
			targets = (
				E28208911D8AFBA200CD20DC /* RC Remote */,
				E28208A71D8AFBA200CD20DC /* RC RemoteTests */,
				E28208B21D8AFBA200CD20DC /* RC RemoteUITests */,
			);
		};
/* End PBXProject section */

/* Begin PBXResourcesBuildPhase section */
		E28208901D8AFBA200CD20DC /* Resources */ = {
			isa = PBXResourcesBuildPhase;
			buildActionMask = 2147483647;
			files = (
				E28208A21D8AFBA200CD20DC /* LaunchScreen.storyboard in Resources */,
				E282089F1D8AFBA200CD20DC /* Assets.xcassets in Resources */,
				E282089D1D8AFBA200CD20DC /* Main.storyboard in Resources */,
			);
			runOnlyForDeploymentPostprocessing = 0;
		};
		E28208A61D8AFBA200CD20DC /* Resources */ = {
			isa = PBXResourcesBuildPhase;
			buildActionMask = 2147483647;
			files = (
			);
			runOnlyForDeploymentPostprocessing = 0;
		};
		E28208B11D8AFBA200CD20DC /* Resources */ = {
			isa = PBXResourcesBuildPhase;
			buildActionMask = 2147483647;
			files = (
			);
			runOnlyForDeploymentPostprocessing = 0;
		};
/* End PBXResourcesBuildPhase section */

/* Begin PBXSourcesBuildPhase section */
		E282088E1D8AFBA200CD20DC /* Sources */ = {
			isa = PBXSourcesBuildPhase;
			buildActionMask = 2147483647;
			files = (
				E282089A1D8AFBA200CD20DC /* SecondViewController.swift in Sources */,
				E28208961D8AFBA200CD20DC /* AppDelegate.swift in Sources */,
				E28208981D8AFBA200CD20DC /* FirstViewController.swift in Sources */,
			);
			runOnlyForDeploymentPostprocessing = 0;
		};
		E28208A41D8AFBA200CD20DC /* Sources */ = {
			isa = PBXSourcesBuildPhase;
			buildActionMask = 2147483647;
			files = (
				E28208AD1D8AFBA200CD20DC /* RC_RemoteTests.swift in Sources */,
			);
			runOnlyForDeploymentPostprocessing = 0;
		};
		E28208AF1D8AFBA200CD20DC /* Sources */ = {
			isa = PBXSourcesBuildPhase;
			buildActionMask = 2147483647;
			files = (
				E28208B81D8AFBA200CD20DC /* RC_RemoteUITests.swift in Sources */,
			);
			runOnlyForDeploymentPostprocessing = 0;
		};
/* End PBXSourcesBuildPhase section */

/* Begin PBXTargetDependency section */
		E28208AA1D8AFBA200CD20DC /* PBXTargetDependency */ = {
			isa = PBXTargetDependency;
			target = E28208911D8AFBA200CD20DC /* RC Remote */;
			targetProxy = E28208A91D8AFBA200CD20DC /* PBXContainerItemProxy */;
		};
		E28208B51D8AFBA200CD20DC /* PBXTargetDependency */ = {
			isa = PBXTargetDependency;
			target = E28208911D8AFBA200CD20DC /* RC Remote */;
			targetProxy = E28208B41D8AFBA200CD20DC /* PBXContainerItemProxy */;
		};
/* End PBXTargetDependency section */

/* Begin PBXVariantGroup section */
		E282089B1D8AFBA200CD20DC /* Main.storyboard */ = {
			isa = PBXVariantGroup;
			children = (
				E282089C1D8AFBA200CD20DC /* Base */,
			);
			name = Main.storyboard;
			sourceTree = "<group>";
		};
		E28208A01D8AFBA200CD20DC /* LaunchScreen.storyboard */ = {
			isa = PBXVariantGroup;
			children = (
				E28208A11D8AFBA200CD20DC /* Base */,
			);
			name = LaunchScreen.storyboard;
			sourceTree = "<group>";
		};
/* End PBXVariantGroup section */

/* Begin XCBuildConfiguration section */
		E28208BA1D8AFBA200CD20DC /* Debug */ = {
			isa = XCBuildConfiguration;
			buildSettings = {
				ALWAYS_SEARCH_USER_PATHS = NO;
				CLANG_ANALYZER_NONNULL = YES;
				CLANG_CXX_LANGUAGE_STANDARD = "gnu++0x";
				CLANG_CXX_LIBRARY = "libc++";
				CLANG_ENABLE_MODULES = YES;
				CLANG_ENABLE_OBJC_ARC = YES;
				CLANG_WARN_BOOL_CONVERSION = YES;
				CLANG_WARN_CONSTANT_CONVERSION = YES;
				CLANG_WARN_DIRECT_OBJC_ISA_USAGE = YES_ERROR;
				CLANG_WARN_EMPTY_BODY = YES;
				CLANG_WARN_ENUM_CONVERSION = YES;
				CLANG_WARN_INT_CONVERSION = YES;
				CLANG_WARN_OBJC_ROOT_CLASS = YES_ERROR;
				CLANG_WARN_UNREACHABLE_CODE = YES;
				CLANG_WARN__DUPLICATE_METHOD_MATCH = YES;
				"CODE_SIGN_IDENTITY[sdk=iphoneos*]" = "iPhone Developer";
				COPY_PHASE_STRIP = NO;
				DEBUG_INFORMATION_FORMAT = dwarf;
				ENABLE_STRICT_OBJC_MSGSEND = YES;
				ENABLE_TESTABILITY = YES;
				GCC_C_LANGUAGE_STANDARD = gnu99;
				GCC_DYNAMIC_NO_PIC = NO;
				GCC_NO_COMMON_BLOCKS = YES;
				GCC_OPTIMIZATION_LEVEL = 0;
				GCC_PREPROCESSOR_DEFINITIONS = (
					"DEBUG=1",
					"$(inherited)",
				);
				GCC_WARN_64_TO_32_BIT_CONVERSION = YES;
				GCC_WARN_ABOUT_RETURN_TYPE = YES_ERROR;
				GCC_WARN_UNDECLARED_SELECTOR = YES;
				GCC_WARN_UNINITIALIZED_AUTOS = YES_AGGRESSIVE;
				GCC_WARN_UNUSED_FUNCTION = YES;
				GCC_WARN_UNUSED_VARIABLE = YES;
				IPHONEOS_DEPLOYMENT_TARGET = 9.3;
				MTL_ENABLE_DEBUG_INFO = YES;
				ONLY_ACTIVE_ARCH = YES;
				SDKROOT = iphoneos;
				SWIFT_OPTIMIZATION_LEVEL = "-Onone";
				TARGETED_DEVICE_FAMILY = "1,2";
			};
			name = Debug;
		};
		E28208BB1D8AFBA200CD20DC /* Release */ = {
			isa = XCBuildConfiguration;
			buildSettings = {
				ALWAYS_SEARCH_USER_PATHS = NO;
				CLANG_ANALYZER_NONNULL = YES;
				CLANG_CXX_LANGUAGE_STANDARD = "gnu++0x";
				CLANG_CXX_LIBRARY = "libc++";
				CLANG_ENABLE_MODULES = YES;
				CLANG_ENABLE_OBJC_ARC = YES;
				CLANG_WARN_BOOL_CONVERSION = YES;
				CLANG_WARN_CONSTANT_CONVERSION = YES;
				CLANG_WARN_DIRECT_OBJC_ISA_USAGE = YES_ERROR;
				CLANG_WARN_EMPTY_BODY = YES;
				CLANG_WARN_ENUM_CONVERSION = YES;
				CLANG_WARN_INT_CONVERSION = YES;
				CLANG_WARN_OBJC_ROOT_CLASS = YES_ERROR;
				CLANG_WARN_UNREACHABLE_CODE = YES;
				CLANG_WARN__DUPLICATE_METHOD_MATCH = YES;
				"CODE_SIGN_IDENTITY[sdk=iphoneos*]" = "iPhone Developer";
				COPY_PHASE_STRIP = NO;
				DEBUG_INFORMATION_FORMAT = "dwarf-with-dsym";
				ENABLE_NS_ASSERTIONS = NO;
				ENABLE_STRICT_OBJC_MSGSEND = YES;
				GCC_C_LANGUAGE_STANDARD = gnu99;
				GCC_NO_COMMON_BLOCKS = YES;
				GCC_WARN_64_TO_32_BIT_CONVERSION = YES;
				GCC_WARN_ABOUT_RETURN_TYPE = YES_ERROR;
				GCC_WARN_UNDECLARED_SELECTOR = YES;
				GCC_WARN_UNINITIALIZED_AUTOS = YES_AGGRESSIVE;
				GCC_WARN_UNUSED_FUNCTION = YES;
				GCC_WARN_UNUSED_VARIABLE = YES;
				IPHONEOS_DEPLOYMENT_TARGET = 9.3;
				MTL_ENABLE_DEBUG_INFO = NO;
				SDKROOT = iphoneos;
				TARGETED_DEVICE_FAMILY = "1,2";
				VALIDATE_PRODUCT = YES;
			};
			name = Release;
		};
		E28208BD1D8AFBA200CD20DC /* Debug */ = {
			isa = XCBuildConfiguration;
			buildSettings = {
				ASSETCATALOG_COMPILER_APPICON_NAME = AppIcon;
				INFOPLIST_FILE = "RC Remote/Info.plist";
				LD_RUNPATH_SEARCH_PATHS = "$(inherited) @executable_path/Frameworks";
				PRODUCT_BUNDLE_IDENTIFIER = "AA.RC-Remote";
				PRODUCT_NAME = "$(TARGET_NAME)";
			};
			name = Debug;
		};
		E28208BE1D8AFBA200CD20DC /* Release */ = {
			isa = XCBuildConfiguration;
			buildSettings = {
				ASSETCATALOG_COMPILER_APPICON_NAME = AppIcon;
				INFOPLIST_FILE = "RC Remote/Info.plist";
				LD_RUNPATH_SEARCH_PATHS = "$(inherited) @executable_path/Frameworks";
				PRODUCT_BUNDLE_IDENTIFIER = "AA.RC-Remote";
				PRODUCT_NAME = "$(TARGET_NAME)";
			};
			name = Release;
		};
		E28208C01D8AFBA200CD20DC /* Debug */ = {
			isa = XCBuildConfiguration;
			buildSettings = {
				BUNDLE_LOADER = "$(TEST_HOST)";
				INFOPLIST_FILE = "RC RemoteTests/Info.plist";
				LD_RUNPATH_SEARCH_PATHS = "$(inherited) @executable_path/Frameworks @loader_path/Frameworks";
				PRODUCT_BUNDLE_IDENTIFIER = "AA.RC-RemoteTests";
				PRODUCT_NAME = "$(TARGET_NAME)";
				TEST_HOST = "$(BUILT_PRODUCTS_DIR)/RC Remote.app/RC Remote";
			};
			name = Debug;
		};
		E28208C11D8AFBA200CD20DC /* Release */ = {
			isa = XCBuildConfiguration;
			buildSettings = {
				BUNDLE_LOADER = "$(TEST_HOST)";
				INFOPLIST_FILE = "RC RemoteTests/Info.plist";
				LD_RUNPATH_SEARCH_PATHS = "$(inherited) @executable_path/Frameworks @loader_path/Frameworks";
				PRODUCT_BUNDLE_IDENTIFIER = "AA.RC-RemoteTests";
				PRODUCT_NAME = "$(TARGET_NAME)";
				TEST_HOST = "$(BUILT_PRODUCTS_DIR)/RC Remote.app/RC Remote";
			};
			name = Release;
		};
		E28208C31D8AFBA200CD20DC /* Debug */ = {
			isa = XCBuildConfiguration;
			buildSettings = {
				INFOPLIST_FILE = "RC RemoteUITests/Info.plist";
				LD_RUNPATH_SEARCH_PATHS = "$(inherited) @executable_path/Frameworks @loader_path/Frameworks";
				PRODUCT_BUNDLE_IDENTIFIER = "AA.RC-RemoteUITests";
				PRODUCT_NAME = "$(TARGET_NAME)";
				TEST_TARGET_NAME = "RC Remote";
			};
			name = Debug;
		};
		E28208C41D8AFBA200CD20DC /* Release */ = {
			isa = XCBuildConfiguration;
			buildSettings = {
				INFOPLIST_FILE = "RC RemoteUITests/Info.plist";
				LD_RUNPATH_SEARCH_PATHS = "$(inherited) @executable_path/Frameworks @loader_path/Frameworks";
				PRODUCT_BUNDLE_IDENTIFIER = "AA.RC-RemoteUITests";
				PRODUCT_NAME = "$(TARGET_NAME)";
				TEST_TARGET_NAME = "RC Remote";
			};
			name = Release;
		};
/* End XCBuildConfiguration section */

/* Begin XCConfigurationList section */
		E282088D1D8AFBA200CD20DC /* Build configuration list for PBXProject "RC Remote" */ = {
			isa = XCConfigurationList;
			buildConfigurations = (
				E28208BA1D8AFBA200CD20DC /* Debug */,
				E28208BB1D8AFBA200CD20DC /* Release */,
			);
			defaultConfigurationIsVisible = 0;
			defaultConfigurationName = Release;
		};
		E28208BC1D8AFBA200CD20DC /* Build configuration list for PBXNativeTarget "RC Remote" */ = {
			isa = XCConfigurationList;
			buildConfigurations = (
				E28208BD1D8AFBA200CD20DC /* Debug */,
				E28208BE1D8AFBA200CD20DC /* Release */,
			);
			defaultConfigurationIsVisible = 0;
		};
		E28208BF1D8AFBA200CD20DC /* Build configuration list for PBXNativeTarget "RC RemoteTests" */ = {
			isa = XCConfigurationList;
			buildConfigurations = (
				E28208C01D8AFBA200CD20DC /* Debug */,
				E28208C11D8AFBA200CD20DC /* Release */,
			);
			defaultConfigurationIsVisible = 0;
		};
		E28208C21D8AFBA200CD20DC /* Build configuration list for PBXNativeTarget "RC RemoteUITests" */ = {
			isa = XCConfigurationList;
			buildConfigurations = (
				E28208C31D8AFBA200CD20DC /* Debug */,
				E28208C41D8AFBA200CD20DC /* Release */,
			);
			defaultConfigurationIsVisible = 0;
		};
/* End XCConfigurationList section */
	};
	rootObject = E282088A1D8AFBA200CD20DC /* Project object */;
}
